
Microsoft Visual Studio Solution File, Format Version 12.00
# Visual Studio Version 16
VisualStudioVersion = 16.0.31005.135
MinimumVisualStudioVersion = 10.0.40219.1
Project("{8BC9CEB8-8B4A-11D0-8D11-00A0C91BC942}") = "Learn_2", "Learn_2.vcxproj", "{800FD877-34B7-4BB7-81A7-638F1E1CD907}"
EndProject
Global
	GlobalSection(SolutionConfigurationPlatforms) = preSolution
		Debug|x64 = Debug|x64
		Debug|x86 = Debug|x86
		Release|x64 = Release|x64
		Release|x86 = Release|x86
	EndGlobalSection
	GlobalSection(ProjectConfigurationPlatforms) = postSolution
		{800FD877-34B7-4BB7-81A7-638F1E1CD907}.Debug|x64.ActiveCfg = Debug|x64
		{800FD877-34B7-4BB7-81A7-638F1E1CD907}.Debug|x64.Build.0 = Debug|x64
		{800FD877-34B7-4BB7-81A7-638F1E1CD907}.Debug|x86.ActiveCfg = Debug|Win32
		{800FD877-34B7-4BB7-81A7-638F1E1CD907}.Debug|x86.Build.0 = Debug|Win32
		{800FD877-34B7-4BB7-81A7-638F1E1CD907}.Release|x64.ActiveCfg = Release|x64
		{800FD877-34B7-4BB7-81A7-638F1E1CD907}.Release|x64.Build.0 = Release|x64
		{800FD877-34B7-4BB7-81A7-638F1E1CD907}.Release|x86.ActiveCfg = Release|Win32
		{800FD877-34B7-4BB7-81A7-638F1E1CD907}.Release|x86.Build.0 = Release|Win32
	EndGlobalSection
	GlobalSection(SolutionProperties) = preSolution
		HideSolutionNode = FALSE
	EndGlobalSection
	GlobalSection(ExtensibilityGlobals) = postSolution
		SolutionGuid = {7911FAE6-3694-45F1-95CB-8729F5DC5389}
	EndGlobalSection
EndGlobal
